
Microsoft Visual Studio Solution File, Format Version 12.00
# Visual Studio Version 17
VisualStudioVersion = 17.1.32210.238
MinimumVisualStudioVersion = 10.0.40219.1
Project("{FAE04EC0-301F-11D3-BF4B-00C04F79EFBC}") = "ReportingAssistant", "ReportingAssistant\ReportingAssistant.csproj", "{1148EC9D-8B12-4857-9A1D-A69F7475281E}"
EndProject
Project("{2150E333-8FDC-42A3-9474-1A3956D46DE8}") = "Solution Items", "Solution Items", "{65471D21-7559-49DC-91BE-47912AB82BEE}"
	ProjectSection(SolutionItems) = preProject
		README.md = README.md
	EndProjectSection
EndProject
Project("{FAE04EC0-301F-11D3-BF4B-00C04F79EFBC}") = "ReportingAssistant.DataLayer", "ReportingAssistant.DataLayer\ReportingAssistant.DataLayer.csproj", "{4D66E565-B9A8-4779-AE7D-355D04AEBB79}"
EndProject
Project("{FAE04EC0-301F-11D3-BF4B-00C04F79EFBC}") = "ReportingAssistant.DomainModels", "ReportingAssistant.DomainModels\ReportingAssistant.DomainModels.csproj", "{334C94A7-6FA2-41BE-B720-0670463D7248}"
EndProject
Project("{FAE04EC0-301F-11D3-BF4B-00C04F79EFBC}") = "ReportingAssistant.ServiceLayer", "ReportingAssistant.ServiceLayer\ReportingAssistant.ServiceLayer.csproj", "{B5B9DBEB-6C19-4870-827D-F2239B64565F}"
EndProject
Project("{FAE04EC0-301F-11D3-BF4B-00C04F79EFBC}") = "ReportingAssistant.ServiceContracts", "ReportingAssistant.ServiceContracts\ReportingAssistant.ServiceContracts.csproj", "{01B50DA1-C08B-4A33-878B-7FD6B23A2221}"
EndProject
Project("{FAE04EC0-301F-11D3-BF4B-00C04F79EFBC}") = "ReportingAssistant.RepositoryLayer", "ReportingAssistant.RepositoryLayer\ReportingAssistant.RepositoryLayer.csproj", "{DAB1CAC2-AE19-4A64-94F4-9554A5A0C3F0}"
EndProject
Project("{FAE04EC0-301F-11D3-BF4B-00C04F79EFBC}") = "ReportingAssistant.RepositoryContracts", "ReportingAssistant.RepositoryContracts\ReportingAssistant.RepositoryContracts.csproj", "{9C9FC869-F208-4765-ADF8-4A021AA0E13A}"
EndProject
Global
	GlobalSection(SolutionConfigurationPlatforms) = preSolution
		Debug|Any CPU = Debug|Any CPU
		Release|Any CPU = Release|Any CPU
	EndGlobalSection
	GlobalSection(ProjectConfigurationPlatforms) = postSolution
		{1148EC9D-8B12-4857-9A1D-A69F7475281E}.Debug|Any CPU.ActiveCfg = Debug|Any CPU
		{1148EC9D-8B12-4857-9A1D-A69F7475281E}.Debug|Any CPU.Build.0 = Debug|Any CPU
		{1148EC9D-8B12-4857-9A1D-A69F7475281E}.Release|Any CPU.ActiveCfg = Release|Any CPU
		{1148EC9D-8B12-4857-9A1D-A69F7475281E}.Release|Any CPU.Build.0 = Release|Any CPU
		{4D66E565-B9A8-4779-AE7D-355D04AEBB79}.Debug|Any CPU.ActiveCfg = Debug|Any CPU
		{4D66E565-B9A8-4779-AE7D-355D04AEBB79}.Debug|Any CPU.Build.0 = Debug|Any CPU
		{4D66E565-B9A8-4779-AE7D-355D04AEBB79}.Release|Any CPU.ActiveCfg = Release|Any CPU
		{4D66E565-B9A8-4779-AE7D-355D04AEBB79}.Release|Any CPU.Build.0 = Release|Any CPU
		{334C94A7-6FA2-41BE-B720-0670463D7248}.Debug|Any CPU.ActiveCfg = Debug|Any CPU
		{334C94A7-6FA2-41BE-B720-0670463D7248}.Debug|Any CPU.Build.0 = Debug|Any CPU
		{334C94A7-6FA2-41BE-B720-0670463D7248}.Release|Any CPU.ActiveCfg = Release|Any CPU
		{334C94A7-6FA2-41BE-B720-0670463D7248}.Release|Any CPU.Build.0 = Release|Any CPU
		{B5B9DBEB-6C19-4870-827D-F2239B64565F}.Debug|Any CPU.ActiveCfg = Debug|Any CPU
		{B5B9DBEB-6C19-4870-827D-F2239B64565F}.Debug|Any CPU.Build.0 = Debug|Any CPU
		{B5B9DBEB-6C19-4870-827D-F2239B64565F}.Release|Any CPU.ActiveCfg = Release|Any CPU
		{B5B9DBEB-6C19-4870-827D-F2239B64565F}.Release|Any CPU.Build.0 = Release|Any CPU
		{01B50DA1-C08B-4A33-878B-7FD6B23A2221}.Debug|Any CPU.ActiveCfg = Debug|Any CPU
		{01B50DA1-C08B-4A33-878B-7FD6B23A2221}.Debug|Any CPU.Build.0 = Debug|Any CPU
		{01B50DA1-C08B-4A33-878B-7FD6B23A2221}.Release|Any CPU.ActiveCfg = Release|Any CPU
		{01B50DA1-C08B-4A33-878B-7FD6B23A2221}.Release|Any CPU.Build.0 = Release|Any CPU
		{DAB1CAC2-AE19-4A64-94F4-9554A5A0C3F0}.Debug|Any CPU.ActiveCfg = Debug|Any CPU
		{DAB1CAC2-AE19-4A64-94F4-9554A5A0C3F0}.Debug|Any CPU.Build.0 = Debug|Any CPU
		{DAB1CAC2-AE19-4A64-94F4-9554A5A0C3F0}.Release|Any CPU.ActiveCfg = Release|Any CPU
		{DAB1CAC2-AE19-4A64-94F4-9554A5A0C3F0}.Release|Any CPU.Build.0 = Release|Any CPU
		{9C9FC869-F208-4765-ADF8-4A021AA0E13A}.Debug|Any CPU.ActiveCfg = Debug|Any CPU
		{9C9FC869-F208-4765-ADF8-4A021AA0E13A}.Debug|Any CPU.Build.0 = Debug|Any CPU
		{9C9FC869-F208-4765-ADF8-4A021AA0E13A}.Release|Any CPU.ActiveCfg = Release|Any CPU
		{9C9FC869-F208-4765-ADF8-4A021AA0E13A}.Release|Any CPU.Build.0 = Release|Any CPU
	EndGlobalSection
	GlobalSection(SolutionProperties) = preSolution
		HideSolutionNode = FALSE
	EndGlobalSection
	GlobalSection(ExtensibilityGlobals) = postSolution
		SolutionGuid = {5B7CE79B-D211-461E-97D9-9D77D1F36FFC}
	EndGlobalSection
EndGlobal
